
Microsoft Visual Studio Solution File, Format Version 12.00
# Visual Studio Version 17
VisualStudioVersion = 17.11.35312.102
MinimumVisualStudioVersion = 10.0.40219.1
Project("{FAE04EC0-301F-11D3-BF4B-00C04F79EFBC}") = "01_MainSubjects", "01_MainSubjects\01_MainSubjects.csproj", "{25A11A7C-2382-4BE7-808E-8CAF23F47A11}"
EndProject
Project("{FAE04EC0-301F-11D3-BF4B-00C04F79EFBC}") = "02_Variables", "02_Variables\02_Variables.csproj", "{7B1672AB-6BD1-4D97-98EC-39D64E7C085D}"
EndProject
Project("{FAE04EC0-301F-11D3-BF4B-00C04F79EFBC}") = "03_MakingDecision", "03_MakingDecision\03_MakingDecision.csproj", "{34513138-17A2-4463-B6B2-C9769C759534}"
EndProject
Project("{FAE04EC0-301F-11D3-BF4B-00C04F79EFBC}") = "04_Loops", "04_Loops\04_Loops.csproj", "{C599017C-D7D9-4404-A0ED-1AE439993324}"
EndProject
Project("{FAE04EC0-301F-11D3-BF4B-00C04F79EFBC}") = "05_LoopsWithStars", "05_LoopsWithStars\05_LoopsWithStars.csproj", "{D369ADC0-7F46-45BD-9506-8F5E17003FFE}"
EndProject
Project("{FAE04EC0-301F-11D3-BF4B-00C04F79EFBC}") = "06_Arrays", "06_Arrays\06_Arrays.csproj", "{559C4459-FB4F-44B8-AAFC-0412669F9CE3}"
EndProject
Project("{FAE04EC0-301F-11D3-BF4B-00C04F79EFBC}") = "07_ForeachLoop", "07_ForeachLoop\07_ForeachLoop.csproj", "{ADB86CCB-3C66-4DC7-9A68-AFA8F1F0599F}"
EndProject
Project("{FAE04EC0-301F-11D3-BF4B-00C04F79EFBC}") = "08_Methods", "08_Methods\08_Methods.csproj", "{941BA7EF-495B-4338-8573-DB2ABD36EE49}"
EndProject
Project("{FAE04EC0-301F-11D3-BF4B-00C04F79EFBC}") = "09_DatabaseProject", "09_DatabaseProject\09_DatabaseProject.csproj", "{B394B6E3-1E15-4899-BD81-7C4DE30E5439}"
EndProject
Global
	GlobalSection(SolutionConfigurationPlatforms) = preSolution
		Debug|Any CPU = Debug|Any CPU
		Release|Any CPU = Release|Any CPU
	EndGlobalSection
	GlobalSection(ProjectConfigurationPlatforms) = postSolution
		{25A11A7C-2382-4BE7-808E-8CAF23F47A11}.Debug|Any CPU.ActiveCfg = Debug|Any CPU
		{25A11A7C-2382-4BE7-808E-8CAF23F47A11}.Debug|Any CPU.Build.0 = Debug|Any CPU
		{25A11A7C-2382-4BE7-808E-8CAF23F47A11}.Release|Any CPU.ActiveCfg = Release|Any CPU
		{25A11A7C-2382-4BE7-808E-8CAF23F47A11}.Release|Any CPU.Build.0 = Release|Any CPU
		{7B1672AB-6BD1-4D97-98EC-39D64E7C085D}.Debug|Any CPU.ActiveCfg = Debug|Any CPU
		{7B1672AB-6BD1-4D97-98EC-39D64E7C085D}.Debug|Any CPU.Build.0 = Debug|Any CPU
		{7B1672AB-6BD1-4D97-98EC-39D64E7C085D}.Release|Any CPU.ActiveCfg = Release|Any CPU
		{7B1672AB-6BD1-4D97-98EC-39D64E7C085D}.Release|Any CPU.Build.0 = Release|Any CPU
		{34513138-17A2-4463-B6B2-C9769C759534}.Debug|Any CPU.ActiveCfg = Debug|Any CPU
		{34513138-17A2-4463-B6B2-C9769C759534}.Debug|Any CPU.Build.0 = Debug|Any CPU
		{34513138-17A2-4463-B6B2-C9769C759534}.Release|Any CPU.ActiveCfg = Release|Any CPU
		{34513138-17A2-4463-B6B2-C9769C759534}.Release|Any CPU.Build.0 = Release|Any CPU
		{C599017C-D7D9-4404-A0ED-1AE439993324}.Debug|Any CPU.ActiveCfg = Debug|Any CPU
		{C599017C-D7D9-4404-A0ED-1AE439993324}.Debug|Any CPU.Build.0 = Debug|Any CPU
		{C599017C-D7D9-4404-A0ED-1AE439993324}.Release|Any CPU.ActiveCfg = Release|Any CPU
		{C599017C-D7D9-4404-A0ED-1AE439993324}.Release|Any CPU.Build.0 = Release|Any CPU
		{D369ADC0-7F46-45BD-9506-8F5E17003FFE}.Debug|Any CPU.ActiveCfg = Debug|Any CPU
		{D369ADC0-7F46-45BD-9506-8F5E17003FFE}.Debug|Any CPU.Build.0 = Debug|Any CPU
		{D369ADC0-7F46-45BD-9506-8F5E17003FFE}.Release|Any CPU.ActiveCfg = Release|Any CPU
		{D369ADC0-7F46-45BD-9506-8F5E17003FFE}.Release|Any CPU.Build.0 = Release|Any CPU
		{559C4459-FB4F-44B8-AAFC-0412669F9CE3}.Debug|Any CPU.ActiveCfg = Debug|Any CPU
		{559C4459-FB4F-44B8-AAFC-0412669F9CE3}.Debug|Any CPU.Build.0 = Debug|Any CPU
		{559C4459-FB4F-44B8-AAFC-0412669F9CE3}.Release|Any CPU.ActiveCfg = Release|Any CPU
		{559C4459-FB4F-44B8-AAFC-0412669F9CE3}.Release|Any CPU.Build.0 = Release|Any CPU
		{ADB86CCB-3C66-4DC7-9A68-AFA8F1F0599F}.Debug|Any CPU.ActiveCfg = Debug|Any CPU
		{ADB86CCB-3C66-4DC7-9A68-AFA8F1F0599F}.Debug|Any CPU.Build.0 = Debug|Any CPU
		{ADB86CCB-3C66-4DC7-9A68-AFA8F1F0599F}.Release|Any CPU.ActiveCfg = Release|Any CPU
		{ADB86CCB-3C66-4DC7-9A68-AFA8F1F0599F}.Release|Any CPU.Build.0 = Release|Any CPU
		{941BA7EF-495B-4338-8573-DB2ABD36EE49}.Debug|Any CPU.ActiveCfg = Debug|Any CPU
		{941BA7EF-495B-4338-8573-DB2ABD36EE49}.Debug|Any CPU.Build.0 = Debug|Any CPU
		{941BA7EF-495B-4338-8573-DB2ABD36EE49}.Release|Any CPU.ActiveCfg = Release|Any CPU
		{941BA7EF-495B-4338-8573-DB2ABD36EE49}.Release|Any CPU.Build.0 = Release|Any CPU
		{B394B6E3-1E15-4899-BD81-7C4DE30E5439}.Debug|Any CPU.ActiveCfg = Debug|Any CPU
		{B394B6E3-1E15-4899-BD81-7C4DE30E5439}.Debug|Any CPU.Build.0 = Debug|Any CPU
		{B394B6E3-1E15-4899-BD81-7C4DE30E5439}.Release|Any CPU.ActiveCfg = Release|Any CPU
		{B394B6E3-1E15-4899-BD81-7C4DE30E5439}.Release|Any CPU.Build.0 = Release|Any CPU
	EndGlobalSection
	GlobalSection(SolutionProperties) = preSolution
		HideSolutionNode = FALSE
	EndGlobalSection
	GlobalSection(ExtensibilityGlobals) = postSolution
		SolutionGuid = {66377E49-E752-44BC-9944-BEC14211BB0C}
	EndGlobalSection
EndGlobal
